{
  "name": "aws-oidc-thumbprint",
  "version": "0.1.0",
  "lockfileVersion": 1,
  "requires": true,
  "dependencies": {
    "openssl-nodejs": {
      "version": "1.0.5",
      "resolved": "https://registry.npmjs.org/openssl-nodejs/-/openssl-nodejs-1.0.5.tgz",
      "integrity": "sha512-6+nxZBw96nK1WUk5yIjhv9NRjqtNTfklB508T64BG5TQ8fU1x1rJrc1I3iVW+31KjnYYYwInGTopYxFJa7wMqA=="
    }
  }
}
